
Microsoft Visual Studio Solution File, Format Version 12.00
# Visual Studio Version 17
VisualStudioVersion = 17.7.34202.233
MinimumVisualStudioVersion = 10.0.40219.1
Project("{9A19103F-16F7-4668-BE54-9A1E7A4F7556}") = "CleanArchMvc.Domain", "CleanArchMvc.Domain\CleanArchMvc.Domain.csproj", "{A0316F12-C2D4-471B-8F90-88F6FB1B5E47}"
EndProject
Project("{9A19103F-16F7-4668-BE54-9A1E7A4F7556}") = "CleanArchMvc.Application", "CleanArchMvc.Application\CleanArchMvc.Application.csproj", "{7D6E56B6-7557-404E-8232-F012811FBBB3}"
EndProject
Project("{9A19103F-16F7-4668-BE54-9A1E7A4F7556}") = "CleanArchMvc.Infra.Data", "CleanArchMvc.Infra.Data\CleanArchMvc.Infra.Data.csproj", "{B7F1B889-BE8B-45D6-8F53-59E37290586F}"
EndProject
Project("{9A19103F-16F7-4668-BE54-9A1E7A4F7556}") = "CleanArchMvc.Infra.IoC", "CleanArchMvc.Infra.IoC\CleanArchMvc.Infra.IoC.csproj", "{A91A513D-9B58-48DC-9B73-26A244F22533}"
EndProject
Project("{9A19103F-16F7-4668-BE54-9A1E7A4F7556}") = "CleanArchMvc.WebUI", "CleanArchMvc.WebUI\CleanArchMvc.WebUI.csproj", "{48AEABA5-29A7-4360-8B8D-BED1652A34A9}"
EndProject
Project("{FAE04EC0-301F-11D3-BF4B-00C04F79EFBC}") = "CleanArchMvc.Domain.Tests", "CleanArchMvc.Domain.Tests\CleanArchMvc.Domain.Tests.csproj", "{DAD45DBB-8602-4674-B1C1-6A2A163767D2}"
EndProject
Global
	GlobalSection(SolutionConfigurationPlatforms) = preSolution
		Debug|Any CPU = Debug|Any CPU
		Release|Any CPU = Release|Any CPU
	EndGlobalSection
	GlobalSection(ProjectConfigurationPlatforms) = postSolution
		{A0316F12-C2D4-471B-8F90-88F6FB1B5E47}.Debug|Any CPU.ActiveCfg = Debug|Any CPU
		{A0316F12-C2D4-471B-8F90-88F6FB1B5E47}.Debug|Any CPU.Build.0 = Debug|Any CPU
		{A0316F12-C2D4-471B-8F90-88F6FB1B5E47}.Release|Any CPU.ActiveCfg = Release|Any CPU
		{A0316F12-C2D4-471B-8F90-88F6FB1B5E47}.Release|Any CPU.Build.0 = Release|Any CPU
		{7D6E56B6-7557-404E-8232-F012811FBBB3}.Debug|Any CPU.ActiveCfg = Debug|Any CPU
		{7D6E56B6-7557-404E-8232-F012811FBBB3}.Debug|Any CPU.Build.0 = Debug|Any CPU
		{7D6E56B6-7557-404E-8232-F012811FBBB3}.Release|Any CPU.ActiveCfg = Release|Any CPU
		{7D6E56B6-7557-404E-8232-F012811FBBB3}.Release|Any CPU.Build.0 = Release|Any CPU
		{B7F1B889-BE8B-45D6-8F53-59E37290586F}.Debug|Any CPU.ActiveCfg = Debug|Any CPU
		{B7F1B889-BE8B-45D6-8F53-59E37290586F}.Debug|Any CPU.Build.0 = Debug|Any CPU
		{B7F1B889-BE8B-45D6-8F53-59E37290586F}.Release|Any CPU.ActiveCfg = Release|Any CPU
		{B7F1B889-BE8B-45D6-8F53-59E37290586F}.Release|Any CPU.Build.0 = Release|Any CPU
		{A91A513D-9B58-48DC-9B73-26A244F22533}.Debug|Any CPU.ActiveCfg = Debug|Any CPU
		{A91A513D-9B58-48DC-9B73-26A244F22533}.Debug|Any CPU.Build.0 = Debug|Any CPU
		{A91A513D-9B58-48DC-9B73-26A244F22533}.Release|Any CPU.ActiveCfg = Release|Any CPU
		{A91A513D-9B58-48DC-9B73-26A244F22533}.Release|Any CPU.Build.0 = Release|Any CPU
		{48AEABA5-29A7-4360-8B8D-BED1652A34A9}.Debug|Any CPU.ActiveCfg = Debug|Any CPU
		{48AEABA5-29A7-4360-8B8D-BED1652A34A9}.Debug|Any CPU.Build.0 = Debug|Any CPU
		{48AEABA5-29A7-4360-8B8D-BED1652A34A9}.Release|Any CPU.ActiveCfg = Release|Any CPU
		{48AEABA5-29A7-4360-8B8D-BED1652A34A9}.Release|Any CPU.Build.0 = Release|Any CPU
		{DAD45DBB-8602-4674-B1C1-6A2A163767D2}.Debug|Any CPU.ActiveCfg = Debug|Any CPU
		{DAD45DBB-8602-4674-B1C1-6A2A163767D2}.Debug|Any CPU.Build.0 = Debug|Any CPU
		{DAD45DBB-8602-4674-B1C1-6A2A163767D2}.Release|Any CPU.ActiveCfg = Release|Any CPU
		{DAD45DBB-8602-4674-B1C1-6A2A163767D2}.Release|Any CPU.Build.0 = Release|Any CPU
	EndGlobalSection
	GlobalSection(SolutionProperties) = preSolution
		HideSolutionNode = FALSE
	EndGlobalSection
	GlobalSection(ExtensibilityGlobals) = postSolution
		SolutionGuid = {BA830893-B843-47AC-91FE-EFBA4F5F2C36}
	EndGlobalSection
EndGlobal
